
Microsoft Visual Studio Solution File, Format Version 12.00
# Visual Studio 15
VisualStudioVersion = 15.0.28307.705
MinimumVisualStudioVersion = 10.0.40219.1
Project("{FAE04EC0-301F-11D3-BF4B-00C04F79EFBC}") = "COMP123-S2019-Lesson9C", "COMP123-S2019-Lesson9C\COMP123-S2019-Lesson9C.csproj", "{F2D3A9A1-701A-4F4D-8B96-1D0D30DC2916}"
EndProject
Global
	GlobalSection(SolutionConfigurationPlatforms) = preSolution
		Debug|Any CPU = Debug|Any CPU
		Release|Any CPU = Release|Any CPU
	EndGlobalSection
	GlobalSection(ProjectConfigurationPlatforms) = postSolution
		{F2D3A9A1-701A-4F4D-8B96-1D0D30DC2916}.Debug|Any CPU.ActiveCfg = Debug|Any CPU
		{F2D3A9A1-701A-4F4D-8B96-1D0D30DC2916}.Debug|Any CPU.Build.0 = Debug|Any CPU
		{F2D3A9A1-701A-4F4D-8B96-1D0D30DC2916}.Release|Any CPU.ActiveCfg = Release|Any CPU
		{F2D3A9A1-701A-4F4D-8B96-1D0D30DC2916}.Release|Any CPU.Build.0 = Release|Any CPU
	EndGlobalSection
	GlobalSection(SolutionProperties) = preSolution
		HideSolutionNode = FALSE
	EndGlobalSection
	GlobalSection(ExtensibilityGlobals) = postSolution
		SolutionGuid = {6230A84C-AC4F-4383-B516-06B41D1204C0}
	EndGlobalSection
EndGlobal
